
Microsoft Visual Studio Solution File, Format Version 12.00
# Visual Studio Version 17
VisualStudioVersion = 17.6.33815.320
MinimumVisualStudioVersion = 10.0.40219.1
Project("{9A19103F-16F7-4668-BE54-9A1E7A4F7556}") = "walkerscott-api", "walkerscott-api.csproj", "{B416EC6C-20C6-41EB-B50C-57609B0B710D}"
EndProject
Project("{9A19103F-16F7-4668-BE54-9A1E7A4F7556}") = "walkerscott-application", "..\..\application\walkerscott-application\walkerscott-application.csproj", "{D2C69168-EF77-472F-8FD9-8136E7F08F50}"
EndProject
Project("{9A19103F-16F7-4668-BE54-9A1E7A4F7556}") = "walkerscott-domain", "..\..\domain\walkerscott-domain\walkerscott-domain.csproj", "{0EDFB4BD-8E6B-4441-86FE-64D1AE2086C2}"
EndProject
Project("{9A19103F-16F7-4668-BE54-9A1E7A4F7556}") = "wakerscott-integration", "..\..\integration\wakerscott-integration\wakerscott-integration.csproj", "{6EB0C20D-FFF9-4376-A56D-74AC140DCECE}"
EndProject
Global
	GlobalSection(SolutionConfigurationPlatforms) = preSolution
		Debug|Any CPU = Debug|Any CPU
		Release|Any CPU = Release|Any CPU
	EndGlobalSection
	GlobalSection(ProjectConfigurationPlatforms) = postSolution
		{B416EC6C-20C6-41EB-B50C-57609B0B710D}.Debug|Any CPU.ActiveCfg = Debug|Any CPU
		{B416EC6C-20C6-41EB-B50C-57609B0B710D}.Debug|Any CPU.Build.0 = Debug|Any CPU
		{B416EC6C-20C6-41EB-B50C-57609B0B710D}.Release|Any CPU.ActiveCfg = Release|Any CPU
		{B416EC6C-20C6-41EB-B50C-57609B0B710D}.Release|Any CPU.Build.0 = Release|Any CPU
		{D2C69168-EF77-472F-8FD9-8136E7F08F50}.Debug|Any CPU.ActiveCfg = Debug|Any CPU
		{D2C69168-EF77-472F-8FD9-8136E7F08F50}.Debug|Any CPU.Build.0 = Debug|Any CPU
		{D2C69168-EF77-472F-8FD9-8136E7F08F50}.Release|Any CPU.ActiveCfg = Release|Any CPU
		{D2C69168-EF77-472F-8FD9-8136E7F08F50}.Release|Any CPU.Build.0 = Release|Any CPU
		{0EDFB4BD-8E6B-4441-86FE-64D1AE2086C2}.Debug|Any CPU.ActiveCfg = Debug|Any CPU
		{0EDFB4BD-8E6B-4441-86FE-64D1AE2086C2}.Debug|Any CPU.Build.0 = Debug|Any CPU
		{0EDFB4BD-8E6B-4441-86FE-64D1AE2086C2}.Release|Any CPU.ActiveCfg = Release|Any CPU
		{0EDFB4BD-8E6B-4441-86FE-64D1AE2086C2}.Release|Any CPU.Build.0 = Release|Any CPU
		{6EB0C20D-FFF9-4376-A56D-74AC140DCECE}.Debug|Any CPU.ActiveCfg = Debug|Any CPU
		{6EB0C20D-FFF9-4376-A56D-74AC140DCECE}.Debug|Any CPU.Build.0 = Debug|Any CPU
		{6EB0C20D-FFF9-4376-A56D-74AC140DCECE}.Release|Any CPU.ActiveCfg = Release|Any CPU
		{6EB0C20D-FFF9-4376-A56D-74AC140DCECE}.Release|Any CPU.Build.0 = Release|Any CPU
	EndGlobalSection
	GlobalSection(SolutionProperties) = preSolution
		HideSolutionNode = FALSE
	EndGlobalSection
	GlobalSection(ExtensibilityGlobals) = postSolution
		SolutionGuid = {A411A7B8-9E0B-4D0C-8BDA-4B3DD3664A61}
	EndGlobalSection
EndGlobal
